
Microsoft Visual Studio Solution File, Format Version 12.00
# Visual Studio 14
VisualStudioVersion = 14.0.24720.0
MinimumVisualStudioVersion = 10.0.40219.1
Project("{2150E333-8FDC-42A3-9474-1A3956D46DE8}") = "Server", "Server", "{4FCEE3C2-7059-42C8-87C6-FEBC7A3AECDD}"
EndProject
Project("{2150E333-8FDC-42A3-9474-1A3956D46DE8}") = "Client", "Client", "{6A7F1715-905F-43BE-9B2F-35F47E391C14}"
EndProject
Project("{2150E333-8FDC-42A3-9474-1A3956D46DE8}") = "Samples", "Samples", "{76D51153-9DA7-4DD1-BCB8-6768C0E374CC}"
EndProject
Project("{2150E333-8FDC-42A3-9474-1A3956D46DE8}") = "Core", "Core", "{2DF4C3B3-B0A7-41F2-AAA8-2A0E42B647D5}"
EndProject
Project("{2150E333-8FDC-42A3-9474-1A3956D46DE8}") = "UI", "UI", "{07FC550A-DCAD-4B25-9910-B73BEA804E06}"
EndProject
Project("{2150E333-8FDC-42A3-9474-1A3956D46DE8}") = "Tests", "Tests", "{781280CE-A6DC-48E1-85CD-51FFDA7F05BE}"
EndProject
Project("{2150E333-8FDC-42A3-9474-1A3956D46DE8}") = "Infrastructure", "Infrastructure", "{D17CFF8F-CFB6-4436-94F2-B2EE90FADF45}"
EndProject
Project("{2150E333-8FDC-42A3-9474-1A3956D46DE8}") = "Application", "Application", "{113D9282-E916-48D0-BB88-200AE72CB2A2}"
EndProject
Project("{2150E333-8FDC-42A3-9474-1A3956D46DE8}") = "Domain", "Domain", "{9FC4F82D-DA0F-49CC-BE6D-4BB8647E4CB1}"
EndProject
Project("{FAE04EC0-301F-11D3-BF4B-00C04F79EFBC}") = "Flavio.SSO.Core.Domain.Tests", "tests\Flavio.SSO.Core.Domain.Tests\Flavio.SSO.Core.Domain.Tests.csproj", "{48E7F3CE-218E-4A90-9786-0475299BBEB6}"
EndProject
Project("{FAE04EC0-301F-11D3-BF4B-00C04F79EFBC}") = "Flavio.SSO.Core.Domain", "src\Flavio.SSO.Core.Domain\Flavio.SSO.Core.Domain.csproj", "{D6D109CE-9A89-40C8-BC43-E1A0A88F3A94}"
EndProject
Project("{FAE04EC0-301F-11D3-BF4B-00C04F79EFBC}") = "Flavio.SSO.Core.Infra.Data", "src\Flavio.SSO.Core.Infra.Data\Flavio.SSO.Core.Infra.Data.csproj", "{3047010B-5CC3-4D86-AF22-045F4D1723E5}"
EndProject
Project("{FAE04EC0-301F-11D3-BF4B-00C04F79EFBC}") = "Flavio.SSO.Core.Infra.LDAP", "src\Flavio.SSO.Core.Infra.LDAP\Flavio.SSO.Core.Infra.LDAP.csproj", "{F0ED40B6-5115-43F3-B7F4-BE1327ED590F}"
EndProject
Project("{FAE04EC0-301F-11D3-BF4B-00C04F79EFBC}") = "Flavio.SSO.Core.Application", "src\Flavio.SSO.Core.Application\Flavio.SSO.Core.Application.csproj", "{1D41A75F-F451-4824-B94D-26ACFE78F571}"
EndProject
Project("{FAE04EC0-301F-11D3-BF4B-00C04F79EFBC}") = "Flavio.SSO.Core.Infra.LDAPTests", "tests\Flavio.SSO.Core.Infra.LDAPTests\Flavio.SSO.Core.Infra.LDAPTests.csproj", "{93791D34-DE59-48F9-929D-F51B739E550C}"
EndProject
Project("{FAE04EC0-301F-11D3-BF4B-00C04F79EFBC}") = "Flavio.SSO.Core.ApplicationTests", "tests\Flavio.SSO.Core.ApplicationTests\Flavio.SSO.Core.ApplicationTests.csproj", "{102B58B4-C17B-4537-9DE4-32D085B20B4F}"
EndProject
Project("{FAE04EC0-301F-11D3-BF4B-00C04F79EFBC}") = "Flavio.SSO.Core.UI.Web.Login", "src\Flavio.SSO.Core.UI.Web.Login\Flavio.SSO.Core.UI.Web.Login.csproj", "{757C79A8-1E17-4BDB-BB70-5F9EF04724EE}"
	ProjectSection(ProjectDependencies) = postProject
		{EFA13E48-B35E-46D0-B2B5-625C47D04025} = {EFA13E48-B35E-46D0-B2B5-625C47D04025}
	EndProjectSection
EndProject
Project("{FAE04EC0-301F-11D3-BF4B-00C04F79EFBC}") = "Flavio.SSO.Core.CrossCutting.IoC", "src\Flavio.SSO.Core.Infra.CrossCutting.IoC\Flavio.SSO.Core.CrossCutting.IoC.csproj", "{F5EFA42D-3BD7-4ED0-AFBE-B84645F16567}"
EndProject
Project("{FAE04EC0-301F-11D3-BF4B-00C04F79EFBC}") = "Flavio.SSO.Core.Services", "src\Flavio.SSO.Core.Services\Flavio.SSO.Core.Services.csproj", "{EFA13E48-B35E-46D0-B2B5-625C47D04025}"
EndProject
Project("{2150E333-8FDC-42A3-9474-1A3956D46DE8}") = "Services", "Services", "{79ADA971-F709-410E-9C21-47061735559C}"
EndProject
Project("{FAE04EC0-301F-11D3-BF4B-00C04F79EFBC}") = "Flavio.SSO.Core.ServicesTests", "tests\Flavio.SSO.Core.ServicesTests\Flavio.SSO.Core.ServicesTests.csproj", "{BA8655A0-904B-4BDA-A0F2-1133A6373C50}"
	ProjectSection(ProjectDependencies) = postProject
		{EFA13E48-B35E-46D0-B2B5-625C47D04025} = {EFA13E48-B35E-46D0-B2B5-625C47D04025}
	EndProjectSection
EndProject
Project("{FAE04EC0-301F-11D3-BF4B-00C04F79EFBC}") = "Flavio.SSO.Client", "src\Flavio.SSO.Client\Flavio.SSO.Client.csproj", "{AC653199-89AC-415B-8E58-7FCF88783C73}"
	ProjectSection(ProjectDependencies) = postProject
		{EFA13E48-B35E-46D0-B2B5-625C47D04025} = {EFA13E48-B35E-46D0-B2B5-625C47D04025}
	EndProjectSection
EndProject
Project("{FAE04EC0-301F-11D3-BF4B-00C04F79EFBC}") = "Flavio.SSO.Samples.Web.Site1", "src\Flavio.SSO.Samples.Web.Site1\Flavio.SSO.Samples.Web.Site1.csproj", "{9FA9E870-5FE6-4907-A47C-78EFBE704ED1}"
EndProject
Project("{FAE04EC0-301F-11D3-BF4B-00C04F79EFBC}") = "Flavio.SSO.Samples.Web.Site2", "src\Flavio.SSO.Samples.Web.Site2\Flavio.SSO.Samples.Web.Site2.csproj", "{98812967-29FC-48DC-8BBC-DEF6F35B68EB}"
EndProject
Project("{2150E333-8FDC-42A3-9474-1A3956D46DE8}") = "Solution Items", "Solution Items", "{D5535964-280E-4DFB-824B-DCBAE70F04B0}"
	ProjectSection(SolutionItems) = preProject
		mainConfig.xml = mainConfig.xml
		README.html = README.html
		Readme.txt = Readme.txt
	EndProjectSection
EndProject
Project("{2150E333-8FDC-42A3-9474-1A3956D46DE8}") = "ReadmeFiles", "ReadmeFiles", "{A90BDA64-212F-4398-90D4-60AC3D40197B}"
	ProjectSection(SolutionItems) = preProject
		ReadmeFiles\bootstrap.css = ReadmeFiles\bootstrap.css
		ReadmeFiles\readme.css = ReadmeFiles\readme.css
		ReadmeFiles\solutionExplorer.png = ReadmeFiles\solutionExplorer.png
	EndProjectSection
EndProject
Project("{2150E333-8FDC-42A3-9474-1A3956D46DE8}") = "CrossCutting", "CrossCutting", "{688B3D08-C64A-4110-894B-6F9069428CD8}"
EndProject
Global
	GlobalSection(SolutionConfigurationPlatforms) = preSolution
		Debug|Any CPU = Debug|Any CPU
		Release|Any CPU = Release|Any CPU
	EndGlobalSection
	GlobalSection(ProjectConfigurationPlatforms) = postSolution
		{48E7F3CE-218E-4A90-9786-0475299BBEB6}.Debug|Any CPU.ActiveCfg = Debug|Any CPU
		{48E7F3CE-218E-4A90-9786-0475299BBEB6}.Debug|Any CPU.Build.0 = Debug|Any CPU
		{48E7F3CE-218E-4A90-9786-0475299BBEB6}.Release|Any CPU.ActiveCfg = Release|Any CPU
		{48E7F3CE-218E-4A90-9786-0475299BBEB6}.Release|Any CPU.Build.0 = Release|Any CPU
		{D6D109CE-9A89-40C8-BC43-E1A0A88F3A94}.Debug|Any CPU.ActiveCfg = Debug|Any CPU
		{D6D109CE-9A89-40C8-BC43-E1A0A88F3A94}.Debug|Any CPU.Build.0 = Debug|Any CPU
		{D6D109CE-9A89-40C8-BC43-E1A0A88F3A94}.Release|Any CPU.ActiveCfg = Release|Any CPU
		{D6D109CE-9A89-40C8-BC43-E1A0A88F3A94}.Release|Any CPU.Build.0 = Release|Any CPU
		{3047010B-5CC3-4D86-AF22-045F4D1723E5}.Debug|Any CPU.ActiveCfg = Debug|Any CPU
		{3047010B-5CC3-4D86-AF22-045F4D1723E5}.Debug|Any CPU.Build.0 = Debug|Any CPU
		{3047010B-5CC3-4D86-AF22-045F4D1723E5}.Release|Any CPU.ActiveCfg = Release|Any CPU
		{3047010B-5CC3-4D86-AF22-045F4D1723E5}.Release|Any CPU.Build.0 = Release|Any CPU
		{F0ED40B6-5115-43F3-B7F4-BE1327ED590F}.Debug|Any CPU.ActiveCfg = Debug|Any CPU
		{F0ED40B6-5115-43F3-B7F4-BE1327ED590F}.Debug|Any CPU.Build.0 = Debug|Any CPU
		{F0ED40B6-5115-43F3-B7F4-BE1327ED590F}.Release|Any CPU.ActiveCfg = Release|Any CPU
		{F0ED40B6-5115-43F3-B7F4-BE1327ED590F}.Release|Any CPU.Build.0 = Release|Any CPU
		{1D41A75F-F451-4824-B94D-26ACFE78F571}.Debug|Any CPU.ActiveCfg = Debug|Any CPU
		{1D41A75F-F451-4824-B94D-26ACFE78F571}.Debug|Any CPU.Build.0 = Debug|Any CPU
		{1D41A75F-F451-4824-B94D-26ACFE78F571}.Release|Any CPU.ActiveCfg = Release|Any CPU
		{1D41A75F-F451-4824-B94D-26ACFE78F571}.Release|Any CPU.Build.0 = Release|Any CPU
		{93791D34-DE59-48F9-929D-F51B739E550C}.Debug|Any CPU.ActiveCfg = Debug|Any CPU
		{93791D34-DE59-48F9-929D-F51B739E550C}.Debug|Any CPU.Build.0 = Debug|Any CPU
		{93791D34-DE59-48F9-929D-F51B739E550C}.Release|Any CPU.ActiveCfg = Release|Any CPU
		{93791D34-DE59-48F9-929D-F51B739E550C}.Release|Any CPU.Build.0 = Release|Any CPU
		{102B58B4-C17B-4537-9DE4-32D085B20B4F}.Debug|Any CPU.ActiveCfg = Debug|Any CPU
		{102B58B4-C17B-4537-9DE4-32D085B20B4F}.Debug|Any CPU.Build.0 = Debug|Any CPU
		{102B58B4-C17B-4537-9DE4-32D085B20B4F}.Release|Any CPU.ActiveCfg = Release|Any CPU
		{102B58B4-C17B-4537-9DE4-32D085B20B4F}.Release|Any CPU.Build.0 = Release|Any CPU
		{757C79A8-1E17-4BDB-BB70-5F9EF04724EE}.Debug|Any CPU.ActiveCfg = Debug|Any CPU
		{757C79A8-1E17-4BDB-BB70-5F9EF04724EE}.Debug|Any CPU.Build.0 = Debug|Any CPU
		{757C79A8-1E17-4BDB-BB70-5F9EF04724EE}.Release|Any CPU.ActiveCfg = Release|Any CPU
		{757C79A8-1E17-4BDB-BB70-5F9EF04724EE}.Release|Any CPU.Build.0 = Release|Any CPU
		{F5EFA42D-3BD7-4ED0-AFBE-B84645F16567}.Debug|Any CPU.ActiveCfg = Debug|Any CPU
		{F5EFA42D-3BD7-4ED0-AFBE-B84645F16567}.Debug|Any CPU.Build.0 = Debug|Any CPU
		{F5EFA42D-3BD7-4ED0-AFBE-B84645F16567}.Release|Any CPU.ActiveCfg = Release|Any CPU
		{F5EFA42D-3BD7-4ED0-AFBE-B84645F16567}.Release|Any CPU.Build.0 = Release|Any CPU
		{EFA13E48-B35E-46D0-B2B5-625C47D04025}.Debug|Any CPU.ActiveCfg = Debug|Any CPU
		{EFA13E48-B35E-46D0-B2B5-625C47D04025}.Debug|Any CPU.Build.0 = Debug|Any CPU
		{EFA13E48-B35E-46D0-B2B5-625C47D04025}.Release|Any CPU.ActiveCfg = Release|Any CPU
		{EFA13E48-B35E-46D0-B2B5-625C47D04025}.Release|Any CPU.Build.0 = Release|Any CPU
		{BA8655A0-904B-4BDA-A0F2-1133A6373C50}.Debug|Any CPU.ActiveCfg = Debug|Any CPU
		{BA8655A0-904B-4BDA-A0F2-1133A6373C50}.Debug|Any CPU.Build.0 = Debug|Any CPU
		{BA8655A0-904B-4BDA-A0F2-1133A6373C50}.Release|Any CPU.ActiveCfg = Release|Any CPU
		{BA8655A0-904B-4BDA-A0F2-1133A6373C50}.Release|Any CPU.Build.0 = Release|Any CPU
		{AC653199-89AC-415B-8E58-7FCF88783C73}.Debug|Any CPU.ActiveCfg = Debug|Any CPU
		{AC653199-89AC-415B-8E58-7FCF88783C73}.Debug|Any CPU.Build.0 = Debug|Any CPU
		{AC653199-89AC-415B-8E58-7FCF88783C73}.Release|Any CPU.ActiveCfg = Release|Any CPU
		{AC653199-89AC-415B-8E58-7FCF88783C73}.Release|Any CPU.Build.0 = Release|Any CPU
		{9FA9E870-5FE6-4907-A47C-78EFBE704ED1}.Debug|Any CPU.ActiveCfg = Debug|Any CPU
		{9FA9E870-5FE6-4907-A47C-78EFBE704ED1}.Debug|Any CPU.Build.0 = Debug|Any CPU
		{9FA9E870-5FE6-4907-A47C-78EFBE704ED1}.Release|Any CPU.ActiveCfg = Release|Any CPU
		{9FA9E870-5FE6-4907-A47C-78EFBE704ED1}.Release|Any CPU.Build.0 = Release|Any CPU
		{98812967-29FC-48DC-8BBC-DEF6F35B68EB}.Debug|Any CPU.ActiveCfg = Debug|Any CPU
		{98812967-29FC-48DC-8BBC-DEF6F35B68EB}.Debug|Any CPU.Build.0 = Debug|Any CPU
		{98812967-29FC-48DC-8BBC-DEF6F35B68EB}.Release|Any CPU.ActiveCfg = Release|Any CPU
		{98812967-29FC-48DC-8BBC-DEF6F35B68EB}.Release|Any CPU.Build.0 = Release|Any CPU
	EndGlobalSection
	GlobalSection(SolutionProperties) = preSolution
		HideSolutionNode = FALSE
	EndGlobalSection
	GlobalSection(NestedProjects) = preSolution
		{2DF4C3B3-B0A7-41F2-AAA8-2A0E42B647D5} = {4FCEE3C2-7059-42C8-87C6-FEBC7A3AECDD}
		{07FC550A-DCAD-4B25-9910-B73BEA804E06} = {4FCEE3C2-7059-42C8-87C6-FEBC7A3AECDD}
		{781280CE-A6DC-48E1-85CD-51FFDA7F05BE} = {2DF4C3B3-B0A7-41F2-AAA8-2A0E42B647D5}
		{D17CFF8F-CFB6-4436-94F2-B2EE90FADF45} = {2DF4C3B3-B0A7-41F2-AAA8-2A0E42B647D5}
		{113D9282-E916-48D0-BB88-200AE72CB2A2} = {2DF4C3B3-B0A7-41F2-AAA8-2A0E42B647D5}
		{9FC4F82D-DA0F-49CC-BE6D-4BB8647E4CB1} = {2DF4C3B3-B0A7-41F2-AAA8-2A0E42B647D5}
		{48E7F3CE-218E-4A90-9786-0475299BBEB6} = {781280CE-A6DC-48E1-85CD-51FFDA7F05BE}
		{D6D109CE-9A89-40C8-BC43-E1A0A88F3A94} = {9FC4F82D-DA0F-49CC-BE6D-4BB8647E4CB1}
		{3047010B-5CC3-4D86-AF22-045F4D1723E5} = {D17CFF8F-CFB6-4436-94F2-B2EE90FADF45}
		{F0ED40B6-5115-43F3-B7F4-BE1327ED590F} = {D17CFF8F-CFB6-4436-94F2-B2EE90FADF45}
		{1D41A75F-F451-4824-B94D-26ACFE78F571} = {113D9282-E916-48D0-BB88-200AE72CB2A2}
		{93791D34-DE59-48F9-929D-F51B739E550C} = {781280CE-A6DC-48E1-85CD-51FFDA7F05BE}
		{102B58B4-C17B-4537-9DE4-32D085B20B4F} = {781280CE-A6DC-48E1-85CD-51FFDA7F05BE}
		{757C79A8-1E17-4BDB-BB70-5F9EF04724EE} = {07FC550A-DCAD-4B25-9910-B73BEA804E06}
		{F5EFA42D-3BD7-4ED0-AFBE-B84645F16567} = {688B3D08-C64A-4110-894B-6F9069428CD8}
		{EFA13E48-B35E-46D0-B2B5-625C47D04025} = {79ADA971-F709-410E-9C21-47061735559C}
		{79ADA971-F709-410E-9C21-47061735559C} = {2DF4C3B3-B0A7-41F2-AAA8-2A0E42B647D5}
		{BA8655A0-904B-4BDA-A0F2-1133A6373C50} = {781280CE-A6DC-48E1-85CD-51FFDA7F05BE}
		{AC653199-89AC-415B-8E58-7FCF88783C73} = {6A7F1715-905F-43BE-9B2F-35F47E391C14}
		{9FA9E870-5FE6-4907-A47C-78EFBE704ED1} = {76D51153-9DA7-4DD1-BCB8-6768C0E374CC}
		{98812967-29FC-48DC-8BBC-DEF6F35B68EB} = {76D51153-9DA7-4DD1-BCB8-6768C0E374CC}
		{A90BDA64-212F-4398-90D4-60AC3D40197B} = {D5535964-280E-4DFB-824B-DCBAE70F04B0}
		{688B3D08-C64A-4110-894B-6F9069428CD8} = {2DF4C3B3-B0A7-41F2-AAA8-2A0E42B647D5}
	EndGlobalSection
EndGlobal
